
Microsoft Visual Studio Solution File, Format Version 12.00
# Visual Studio Version 17
VisualStudioVersion = 17.5.002.0
MinimumVisualStudioVersion = 10.0.40219.1
Project("{9A19103F-16F7-4668-BE54-9A1E7A4F7556}") = "Project", "Project.csproj", "{F83D9870-B921-47AB-9FCE-8633250053EB}"
EndProject
Global
	GlobalSection(SolutionConfigurationPlatforms) = preSolution
		Debug|Any CPU = Debug|Any CPU
		Release|Any CPU = Release|Any CPU
	EndGlobalSection
	GlobalSection(ProjectConfigurationPlatforms) = postSolution
		{F83D9870-B921-47AB-9FCE-8633250053EB}.Debug|Any CPU.ActiveCfg = Debug|Any CPU
		{F83D9870-B921-47AB-9FCE-8633250053EB}.Debug|Any CPU.Build.0 = Debug|Any CPU
		{F83D9870-B921-47AB-9FCE-8633250053EB}.Release|Any CPU.ActiveCfg = Release|Any CPU
		{F83D9870-B921-47AB-9FCE-8633250053EB}.Release|Any CPU.Build.0 = Release|Any CPU
	EndGlobalSection
	GlobalSection(SolutionProperties) = preSolution
		HideSolutionNode = FALSE
	EndGlobalSection
	GlobalSection(ExtensibilityGlobals) = postSolution
		SolutionGuid = {A2097E7B-CD52-4F3E-8724-7E525B8F425A}
	EndGlobalSection
EndGlobal
